Microsoft Visual Studio Solution File, Format Version 12.00
# Visual Studio Version 17
VisualStudioVersion = 17.5.2.0
MinimumVisualStudioVersion = 10.0.40219.1
Project("{FAE04EC0-301F-11D3-BF4B-00C04F79EFBC}") = "B3-chuyendoitiente", "B3-chuyendoitiente.csproj", "{1157CE63-ABCE-854E-0A3D-B4B377A1332D}"
EndProject
Global
	GlobalSection(SolutionConfigurationPlatforms) = preSolution
		Debug|Any CPU = Debug|Any CPU
		Release|Any CPU = Release|Any CPU
	EndGlobalSection
	GlobalSection(ProjectConfigurationPlatforms) = postSolution
		{1157CE63-ABCE-854E-0A3D-B4B377A1332D}.Debug|Any CPU.ActiveCfg = Debug|Any CPU
		{1157CE63-ABCE-854E-0A3D-B4B377A1332D}.Debug|Any CPU.Build.0 = Debug|Any CPU
		{1157CE63-ABCE-854E-0A3D-B4B377A1332D}.Release|Any CPU.ActiveCfg = Release|Any CPU
		{1157CE63-ABCE-854E-0A3D-B4B377A1332D}.Release|Any CPU.Build.0 = Release|Any CPU
	EndGlobalSection
	GlobalSection(SolutionProperties) = preSolution
		HideSolutionNode = FALSE
	EndGlobalSection
	GlobalSection(ExtensibilityGlobals) = postSolution
		SolutionGuid = {E350F124-5140-4E73-A4E3-DEDA364C76F3}
	EndGlobalSection
EndGlobal
